
Microsoft Visual Studio Solution File, Format Version 12.00
# Visual Studio Version 16
VisualStudioVersion = 16.0.30611.23
MinimumVisualStudioVersion = 10.0.40219.1
Project("{2150E333-8FDC-42A3-9474-1A3956D46DE8}") = "Application", "Application", "{411F7BF6-3F16-4548-9588-8EFF2B5F002F}"
EndProject
Project("{2150E333-8FDC-42A3-9474-1A3956D46DE8}") = "Service", "Service", "{57C417E4-5C85-494F-BE05-EE938ECEC9D7}"
EndProject
Project("{2150E333-8FDC-42A3-9474-1A3956D46DE8}") = "Infra", "Infra", "{2320B76A-847F-41A5-B565-EE4D29F74FC7}"
EndProject
Project("{2150E333-8FDC-42A3-9474-1A3956D46DE8}") = "Domain", "Domain", "{2DFBAFCA-6F22-49F5-9DF2-DF6501B6C9F3}"
EndProject
Project("{2150E333-8FDC-42A3-9474-1A3956D46DE8}") = "CrossCutting", "CrossCutting", "{DB45E73E-4207-44CF-A115-13BC53EB9FF5}"
EndProject
Project("{2150E333-8FDC-42A3-9474-1A3956D46DE8}") = "Data", "Data", "{602F4A8A-246C-4078-A3A8-A24BDCB04018}"
EndProject
Project("{2150E333-8FDC-42A3-9474-1A3956D46DE8}") = "Web", "Web", "{6FCBAE21-C465-4708-BF62-C040181C3852}"
EndProject
Project("{2150E333-8FDC-42A3-9474-1A3956D46DE8}") = "Mobile", "Mobile", "{6388CC96-A6CC-4B7D-8DA5-B7571B941A83}"
EndProject
Project("{2150E333-8FDC-42A3-9474-1A3956D46DE8}") = "Desktop", "Desktop", "{2D71C826-8F75-4A41-8C2A-3A79EF580240}"
EndProject
Project("{2150E333-8FDC-42A3-9474-1A3956D46DE8}") = "API", "API", "{E78AE493-2877-49D7-B74A-6C48F6C2B4AB}"
EndProject
Project("{FAE04EC0-301F-11D3-BF4B-00C04F79EFBC}") = "MedicalClinic.Domain", "MedicalClinic.Domain\MedicalClinic.Domain.csproj", "{9A4AF75B-7282-4064-AA30-61850CC14A67}"
EndProject
Project("{FAE04EC0-301F-11D3-BF4B-00C04F79EFBC}") = "MedicalClinic.Infra.Data", "MedicalClinic.Infra.Data\MedicalClinic.Infra.Data.csproj", "{8401021D-323F-4EDB-82EB-7A9ECC86FAC5}"
EndProject
Project("{FAE04EC0-301F-11D3-BF4B-00C04F79EFBC}") = "MedicalClinic.Service", "MedicalClinic.Service\MedicalClinic.Service.csproj", "{AC183609-6387-49CA-920F-178836CED95C}"
EndProject
Global
	GlobalSection(SolutionConfigurationPlatforms) = preSolution
		Debug|Any CPU = Debug|Any CPU
		Release|Any CPU = Release|Any CPU
	EndGlobalSection
	GlobalSection(ProjectConfigurationPlatforms) = postSolution
		{9A4AF75B-7282-4064-AA30-61850CC14A67}.Debug|Any CPU.ActiveCfg = Debug|Any CPU
		{9A4AF75B-7282-4064-AA30-61850CC14A67}.Debug|Any CPU.Build.0 = Debug|Any CPU
		{9A4AF75B-7282-4064-AA30-61850CC14A67}.Release|Any CPU.ActiveCfg = Release|Any CPU
		{9A4AF75B-7282-4064-AA30-61850CC14A67}.Release|Any CPU.Build.0 = Release|Any CPU
		{8401021D-323F-4EDB-82EB-7A9ECC86FAC5}.Debug|Any CPU.ActiveCfg = Debug|Any CPU
		{8401021D-323F-4EDB-82EB-7A9ECC86FAC5}.Debug|Any CPU.Build.0 = Debug|Any CPU
		{8401021D-323F-4EDB-82EB-7A9ECC86FAC5}.Release|Any CPU.ActiveCfg = Release|Any CPU
		{8401021D-323F-4EDB-82EB-7A9ECC86FAC5}.Release|Any CPU.Build.0 = Release|Any CPU
		{AC183609-6387-49CA-920F-178836CED95C}.Debug|Any CPU.ActiveCfg = Debug|Any CPU
		{AC183609-6387-49CA-920F-178836CED95C}.Debug|Any CPU.Build.0 = Debug|Any CPU
		{AC183609-6387-49CA-920F-178836CED95C}.Release|Any CPU.ActiveCfg = Release|Any CPU
		{AC183609-6387-49CA-920F-178836CED95C}.Release|Any CPU.Build.0 = Release|Any CPU
	EndGlobalSection
	GlobalSection(SolutionProperties) = preSolution
		HideSolutionNode = FALSE
	EndGlobalSection
	GlobalSection(NestedProjects) = preSolution
		{DB45E73E-4207-44CF-A115-13BC53EB9FF5} = {2320B76A-847F-41A5-B565-EE4D29F74FC7}
		{602F4A8A-246C-4078-A3A8-A24BDCB04018} = {2320B76A-847F-41A5-B565-EE4D29F74FC7}
		{6FCBAE21-C465-4708-BF62-C040181C3852} = {411F7BF6-3F16-4548-9588-8EFF2B5F002F}
		{6388CC96-A6CC-4B7D-8DA5-B7571B941A83} = {411F7BF6-3F16-4548-9588-8EFF2B5F002F}
		{2D71C826-8F75-4A41-8C2A-3A79EF580240} = {411F7BF6-3F16-4548-9588-8EFF2B5F002F}
		{E78AE493-2877-49D7-B74A-6C48F6C2B4AB} = {411F7BF6-3F16-4548-9588-8EFF2B5F002F}
		{9A4AF75B-7282-4064-AA30-61850CC14A67} = {2DFBAFCA-6F22-49F5-9DF2-DF6501B6C9F3}
		{8401021D-323F-4EDB-82EB-7A9ECC86FAC5} = {602F4A8A-246C-4078-A3A8-A24BDCB04018}
		{AC183609-6387-49CA-920F-178836CED95C} = {57C417E4-5C85-494F-BE05-EE938ECEC9D7}
	EndGlobalSection
	GlobalSection(ExtensibilityGlobals) = postSolution
		SolutionGuid = {74D524D1-75E9-497A-BFE4-55C668E3296C}
	EndGlobalSection
EndGlobal
